
Microsoft Visual Studio Solution File, Format Version 12.00
# Visual Studio Version 17
VisualStudioVersion = 17.4.33403.182
MinimumVisualStudioVersion = 10.0.40219.1
Project("{FAE04EC0-301F-11D3-BF4B-00C04F79EFBC}") = "OOP31", "WindowsFormsApp1\OOP31.csproj", "{A03CE3BE-26B8-4A72-A3D4-96EB16872643}"
EndProject
Global
	GlobalSection(SolutionConfigurationPlatforms) = preSolution
		Debug|Any CPU = Debug|Any CPU
		Release|Any CPU = Release|Any CPU
	EndGlobalSection
	GlobalSection(ProjectConfigurationPlatforms) = postSolution
		{A03CE3BE-26B8-4A72-A3D4-96EB16872643}.Debug|Any CPU.ActiveCfg = Debug|Any CPU
		{A03CE3BE-26B8-4A72-A3D4-96EB16872643}.Debug|Any CPU.Build.0 = Debug|Any CPU
		{A03CE3BE-26B8-4A72-A3D4-96EB16872643}.Release|Any CPU.ActiveCfg = Release|Any CPU
		{A03CE3BE-26B8-4A72-A3D4-96EB16872643}.Release|Any CPU.Build.0 = Release|Any CPU
	EndGlobalSection
	GlobalSection(SolutionProperties) = preSolution
		HideSolutionNode = FALSE
	EndGlobalSection
	GlobalSection(ExtensibilityGlobals) = postSolution
		SolutionGuid = {C10F49F6-2048-4F5C-AAF4-CCE1420348B8}
	EndGlobalSection
EndGlobal
